# This file is automatically @generated by Poetry 1.6.1 and should not be changed by hand.

[[package]]
name = "chess"
version = "1.10.0"
description = "A chess library with move generation and validation, Polyglot opening book probing, PGN reading and writing, Gaviota tablebase probing, Syzygy tablebase probing, and XBoard/UCI engine communication."
optional = false
python-versions = ">=3.7"
files = [
    {file = "chess-1.10.0-py3-none-any.whl", hash = "sha256:48ff7c084a370811819cfc753c2ee159942356ada70824666bd01ee3fca170d0"},
    {file = "chess-1.10.0.tar.gz", hash = "sha256:bccde105f54aa436e899f92b4ba953731c65012a863fd9235683d0e2863ccd54"},
]

[[package]]
name = "python-chess"
version = "1.999"
description = "A chess library with move generation, move validation, and support for common formats."
optional = false
python-versions = "*"
files = [
    {file = "python-chess-1.999.tar.gz", hash = "sha256:8cad0388c42242d890ac6368ad64def15cd0165db033df0ad479492e266e5e6c"},
    {file = "python_chess-1.999-py3-none-any.whl", hash = "sha256:93b562f8f1124cb7bf56fb095e18743758e69dc6a028ccda0badcaa5c59d88c8"},
]

[package.dependencies]
chess = ">=1,<2"

[metadata]
lock-version = "2.0"
python-versions = "^3.11"
content-hash = "91c04fb45b69238d0d2fa590237e61d68c86aad957076a5273151749e98c08c5"
